
Microsoft Visual Studio Solution File, Format Version 12.00
# Visual Studio 15
VisualStudioVersion = 15.0.27428.2015
MinimumVisualStudioVersion = 10.0.40219.1
Project("{FAE04EC0-301F-11D3-BF4B-00C04F79EFBC}") = "FoldView.Android", "FoldView\FoldView.Android\FoldView.Android.csproj", "{84365062-5ECF-45EC-B8CD-40CB6F032DB9}"
EndProject
Project("{FAE04EC0-301F-11D3-BF4B-00C04F79EFBC}") = "FoldView.iOS", "FoldView\FoldView.iOS\FoldView.iOS.csproj", "{BF02E7B2-E0D5-4E82-A739-2C72F10BC9C3}"
EndProject
Project("{FAE04EC0-301F-11D3-BF4B-00C04F79EFBC}") = "FoldView", "FoldView\FoldView\FoldView.csproj", "{E633A348-B65E-47D1-948C-20AE85619B36}"
EndProject
Global
	GlobalSection(SolutionConfigurationPlatforms) = preSolution
		Ad-Hoc|Any CPU = Ad-Hoc|Any CPU
		Ad-Hoc|iPhone = Ad-Hoc|iPhone
		Ad-Hoc|iPhoneSimulator = Ad-Hoc|iPhoneSimulator
		AppStore|Any CPU = AppStore|Any CPU
		AppStore|iPhone = AppStore|iPhone
		AppStore|iPhoneSimulator = AppStore|iPhoneSimulator
		Debug|Any CPU = Debug|Any CPU
		Debug|iPhone = Debug|iPhone
		Debug|iPhoneSimulator = Debug|iPhoneSimulator
		Release|Any CPU = Release|Any CPU
		Release|iPhone = Release|iPhone
		Release|iPhoneSimulator = Release|iPhoneSimulator
	EndGlobalSection
	GlobalSection(ProjectConfigurationPlatforms) = postSolution
		{84365062-5ECF-45EC-B8CD-40CB6F032DB9}.Ad-Hoc|Any CPU.ActiveCfg = Release|Any CPU
		{84365062-5ECF-45EC-B8CD-40CB6F032DB9}.Ad-Hoc|Any CPU.Build.0 = Release|Any CPU
		{84365062-5ECF-45EC-B8CD-40CB6F032DB9}.Ad-Hoc|Any CPU.Deploy.0 = Release|Any CPU
		{84365062-5ECF-45EC-B8CD-40CB6F032DB9}.Ad-Hoc|iPhone.ActiveCfg = Release|Any CPU
		{84365062-5ECF-45EC-B8CD-40CB6F032DB9}.Ad-Hoc|iPhone.Build.0 = Release|Any CPU
		{84365062-5ECF-45EC-B8CD-40CB6F032DB9}.Ad-Hoc|iPhone.Deploy.0 = Release|Any CPU
		{84365062-5ECF-45EC-B8CD-40CB6F032DB9}.Ad-Hoc|iPhoneSimulator.ActiveCfg = Release|Any CPU
		{84365062-5ECF-45EC-B8CD-40CB6F032DB9}.Ad-Hoc|iPhoneSimulator.Build.0 = Release|Any CPU
		{84365062-5ECF-45EC-B8CD-40CB6F032DB9}.Ad-Hoc|iPhoneSimulator.Deploy.0 = Release|Any CPU
		{84365062-5ECF-45EC-B8CD-40CB6F032DB9}.AppStore|Any CPU.ActiveCfg = Release|Any CPU
		{84365062-5ECF-45EC-B8CD-40CB6F032DB9}.AppStore|Any CPU.Build.0 = Release|Any CPU
		{84365062-5ECF-45EC-B8CD-40CB6F032DB9}.AppStore|Any CPU.Deploy.0 = Release|Any CPU
		{84365062-5ECF-45EC-B8CD-40CB6F032DB9}.AppStore|iPhone.ActiveCfg = Release|Any CPU
		{84365062-5ECF-45EC-B8CD-40CB6F032DB9}.AppStore|iPhone.Build.0 = Release|Any CPU
		{84365062-5ECF-45EC-B8CD-40CB6F032DB9}.AppStore|iPhone.Deploy.0 = Release|Any CPU
		{84365062-5ECF-45EC-B8CD-40CB6F032DB9}.AppStore|iPhoneSimulator.ActiveCfg = Release|Any CPU
		{84365062-5ECF-45EC-B8CD-40CB6F032DB9}.AppStore|iPhoneSimulator.Build.0 = Release|Any CPU
		{84365062-5ECF-45EC-B8CD-40CB6F032DB9}.AppStore|iPhoneSimulator.Deploy.0 = Release|Any CPU
		{84365062-5ECF-45EC-B8CD-40CB6F032DB9}.Debug|Any CPU.ActiveCfg = Debug|Any CPU
		{84365062-5ECF-45EC-B8CD-40CB6F032DB9}.Debug|Any CPU.Build.0 = Debug|Any CPU
		{84365062-5ECF-45EC-B8CD-40CB6F032DB9}.Debug|Any CPU.Deploy.0 = Debug|Any CPU
		{84365062-5ECF-45EC-B8CD-40CB6F032DB9}.Debug|iPhone.ActiveCfg = Debug|Any CPU
		{84365062-5ECF-45EC-B8CD-40CB6F032DB9}.Debug|iPhone.Build.0 = Debug|Any CPU
		{84365062-5ECF-45EC-B8CD-40CB6F032DB9}.Debug|iPhone.Deploy.0 = Debug|Any CPU
		{84365062-5ECF-45EC-B8CD-40CB6F032DB9}.Debug|iPhoneSimulator.ActiveCfg = Debug|Any CPU
		{84365062-5ECF-45EC-B8CD-40CB6F032DB9}.Debug|iPhoneSimulator.Build.0 = Debug|Any CPU
		{84365062-5ECF-45EC-B8CD-40CB6F032DB9}.Debug|iPhoneSimulator.Deploy.0 = Debug|Any CPU
		{84365062-5ECF-45EC-B8CD-40CB6F032DB9}.Release|Any CPU.ActiveCfg = Release|Any CPU
		{84365062-5ECF-45EC-B8CD-40CB6F032DB9}.Release|Any CPU.Build.0 = Release|Any CPU
		{84365062-5ECF-45EC-B8CD-40CB6F032DB9}.Release|Any CPU.Deploy.0 = Release|Any CPU
		{84365062-5ECF-45EC-B8CD-40CB6F032DB9}.Release|iPhone.ActiveCfg = Release|Any CPU
		{84365062-5ECF-45EC-B8CD-40CB6F032DB9}.Release|iPhone.Build.0 = Release|Any CPU
		{84365062-5ECF-45EC-B8CD-40CB6F032DB9}.Release|iPhone.Deploy.0 = Release|Any CPU
		{84365062-5ECF-45EC-B8CD-40CB6F032DB9}.Release|iPhoneSimulator.ActiveCfg = Release|Any CPU
		{84365062-5ECF-45EC-B8CD-40CB6F032DB9}.Release|iPhoneSimulator.Build.0 = Release|Any CPU
		{84365062-5ECF-45EC-B8CD-40CB6F032DB9}.Release|iPhoneSimulator.Deploy.0 = Release|Any CPU
		{BF02E7B2-E0D5-4E82-A739-2C72F10BC9C3}.Ad-Hoc|Any CPU.ActiveCfg = Ad-Hoc|iPhone
		{BF02E7B2-E0D5-4E82-A739-2C72F10BC9C3}.Ad-Hoc|iPhone.ActiveCfg = Ad-Hoc|iPhone
		{BF02E7B2-E0D5-4E82-A739-2C72F10BC9C3}.Ad-Hoc|iPhone.Build.0 = Ad-Hoc|iPhone
		{BF02E7B2-E0D5-4E82-A739-2C72F10BC9C3}.Ad-Hoc|iPhoneSimulator.ActiveCfg = Ad-Hoc|iPhoneSimulator
		{BF02E7B2-E0D5-4E82-A739-2C72F10BC9C3}.Ad-Hoc|iPhoneSimulator.Build.0 = Ad-Hoc|iPhoneSimulator
		{BF02E7B2-E0D5-4E82-A739-2C72F10BC9C3}.AppStore|Any CPU.ActiveCfg = AppStore|iPhone
		{BF02E7B2-E0D5-4E82-A739-2C72F10BC9C3}.AppStore|iPhone.ActiveCfg = AppStore|iPhone
		{BF02E7B2-E0D5-4E82-A739-2C72F10BC9C3}.AppStore|iPhone.Build.0 = AppStore|iPhone
		{BF02E7B2-E0D5-4E82-A739-2C72F10BC9C3}.AppStore|iPhoneSimulator.ActiveCfg = AppStore|iPhoneSimulator
		{BF02E7B2-E0D5-4E82-A739-2C72F10BC9C3}.AppStore|iPhoneSimulator.Build.0 = AppStore|iPhoneSimulator
		{BF02E7B2-E0D5-4E82-A739-2C72F10BC9C3}.Debug|Any CPU.ActiveCfg = Debug|iPhone
		{BF02E7B2-E0D5-4E82-A739-2C72F10BC9C3}.Debug|iPhone.ActiveCfg = Debug|iPhone
		{BF02E7B2-E0D5-4E82-A739-2C72F10BC9C3}.Debug|iPhone.Build.0 = Debug|iPhone
		{BF02E7B2-E0D5-4E82-A739-2C72F10BC9C3}.Debug|iPhoneSimulator.ActiveCfg = Debug|iPhoneSimulator
		{BF02E7B2-E0D5-4E82-A739-2C72F10BC9C3}.Debug|iPhoneSimulator.Build.0 = Debug|iPhoneSimulator
		{BF02E7B2-E0D5-4E82-A739-2C72F10BC9C3}.Release|Any CPU.ActiveCfg = Release|iPhone
		{BF02E7B2-E0D5-4E82-A739-2C72F10BC9C3}.Release|iPhone.ActiveCfg = Release|iPhone
		{BF02E7B2-E0D5-4E82-A739-2C72F10BC9C3}.Release|iPhone.Build.0 = Release|iPhone
		{BF02E7B2-E0D5-4E82-A739-2C72F10BC9C3}.Release|iPhoneSimulator.ActiveCfg = Release|iPhoneSimulator
		{BF02E7B2-E0D5-4E82-A739-2C72F10BC9C3}.Release|iPhoneSimulator.Build.0 = Release|iPhoneSimulator
		{E633A348-B65E-47D1-948C-20AE85619B36}.Ad-Hoc|Any CPU.ActiveCfg = Debug|Any CPU
		{E633A348-B65E-47D1-948C-20AE85619B36}.Ad-Hoc|Any CPU.Build.0 = Debug|Any CPU
		{E633A348-B65E-47D1-948C-20AE85619B36}.Ad-Hoc|iPhone.ActiveCfg = Debug|Any CPU
		{E633A348-B65E-47D1-948C-20AE85619B36}.Ad-Hoc|iPhone.Build.0 = Debug|Any CPU
		{E633A348-B65E-47D1-948C-20AE85619B36}.Ad-Hoc|iPhoneSimulator.ActiveCfg = Debug|Any CPU
		{E633A348-B65E-47D1-948C-20AE85619B36}.Ad-Hoc|iPhoneSimulator.Build.0 = Debug|Any CPU
		{E633A348-B65E-47D1-948C-20AE85619B36}.AppStore|Any CPU.ActiveCfg = Debug|Any CPU
		{E633A348-B65E-47D1-948C-20AE85619B36}.AppStore|Any CPU.Build.0 = Debug|Any CPU
		{E633A348-B65E-47D1-948C-20AE85619B36}.AppStore|iPhone.ActiveCfg = Debug|Any CPU
		{E633A348-B65E-47D1-948C-20AE85619B36}.AppStore|iPhone.Build.0 = Debug|Any CPU
		{E633A348-B65E-47D1-948C-20AE85619B36}.AppStore|iPhoneSimulator.ActiveCfg = Debug|Any CPU
		{E633A348-B65E-47D1-948C-20AE85619B36}.AppStore|iPhoneSimulator.Build.0 = Debug|Any CPU
		{E633A348-B65E-47D1-948C-20AE85619B36}.Debug|Any CPU.ActiveCfg = Debug|Any CPU
		{E633A348-B65E-47D1-948C-20AE85619B36}.Debug|Any CPU.Build.0 = Debug|Any CPU
		{E633A348-B65E-47D1-948C-20AE85619B36}.Debug|iPhone.ActiveCfg = Debug|Any CPU
		{E633A348-B65E-47D1-948C-20AE85619B36}.Debug|iPhone.Build.0 = Debug|Any CPU
		{E633A348-B65E-47D1-948C-20AE85619B36}.Debug|iPhoneSimulator.ActiveCfg = Debug|Any CPU
		{E633A348-B65E-47D1-948C-20AE85619B36}.Debug|iPhoneSimulator.Build.0 = Debug|Any CPU
		{E633A348-B65E-47D1-948C-20AE85619B36}.Release|Any CPU.ActiveCfg = Release|Any CPU
		{E633A348-B65E-47D1-948C-20AE85619B36}.Release|Any CPU.Build.0 = Release|Any CPU
		{E633A348-B65E-47D1-948C-20AE85619B36}.Release|iPhone.ActiveCfg = Release|Any CPU
		{E633A348-B65E-47D1-948C-20AE85619B36}.Release|iPhone.Build.0 = Release|Any CPU
		{E633A348-B65E-47D1-948C-20AE85619B36}.Release|iPhoneSimulator.ActiveCfg = Release|Any CPU
		{E633A348-B65E-47D1-948C-20AE85619B36}.Release|iPhoneSimulator.Build.0 = Release|Any CPU
	EndGlobalSection
	GlobalSection(SolutionProperties) = preSolution
		HideSolutionNode = FALSE
	EndGlobalSection
	GlobalSection(ExtensibilityGlobals) = postSolution
		SolutionGuid = {0BAE7936-BCCB-44BC-B651-974D0EF58038}
	EndGlobalSection
EndGlobal
